github.com/gorilla/websocket v1.4.2 h1:+/TMaTYc4QFitKJxsQ7Yye35DkWvkdLcvGKqM+x0Ufc=
github.com/gorilla/websocket v1.4.2/go.mod h1:YR8l580nyteQvAITg2hZ9XVh4b55+EU/adAjf1fMHhE=
github.com/levenlabs/golib v0.0.0-20180911183212-0f8974794783/go.mod h1:zw8z7nRRkGDZHexz1aMbZGtwxli5so0CBVZeIa3G+RE=
github.com/sacOO7/go-logger v0.0.0-20180719173527-9ac9add5a50d h1:5T+fbRuQbpi+WZtB2yfuu59r00F6T2HV/zGYrwX8nvE=
github.com/sacOO7/go-logger v0.0.0-20180719173527-9ac9add5a50d/go.mod h1:L5EJe2k8GwpBoGXDRLAEs58R239jpZuE7NNEtW+T7oo=
github.com/sacOO7/gowebsocket v0.0.0-20180719182212-1436bb906a4e h1:yG1sLAkFltiFiwIpKdiA2CVIPxRL4P9OywNnfq45ivg=
github.com/sacOO7/gowebsocket v0.0.0-20180719182212-1436bb906a4e/go.mod h1:4a2a9BlxB807BaME8FJzQRLrZwYKj0cWjon25PlIssM=
gopkg.in/mgo.v2 v2.0.0-20190816093944-a6b53ec6cb22/go.mod h1:yeKp02qBN3iKW1OzL3MGk2IdtZzaj7SFntXj72NppTA=
