# This file is autogenerated, do not edit; changes may be undone by the next 'dep ensure'.


[[projects]]
  digest = "1:6d29f02f0f01c627c2be40fb7347669a9ff2aa215cb97747294c1d13ffa74bdd"
  name = "github.com/gorilla/websocket"
  packages = ["."]
  pruneopts = "UT"
  revision = "b65e62901fc1c0d968042419e74789f6af455eb9"
  version = "v1.4.2"

[[projects]]
  branch = "master"
  digest = "1:f9fa9db5c96d16acc00d86bb4d56298ed603cba263d113474fd80b260fcdadd3"
  name = "github.com/levenlabs/golib"
  packages = ["timeutil"]
  pruneopts = "UT"
  revision = "0f897479478320c46bcfed70c4fbd6564c42890a"

[[projects]]
  branch = "master"
  digest = "1:3763511b38744179c12c34edd3a0694bdfe653f5f5a509a02e600c90ce3593f3"
  name = "github.com/sacOO7/go-logger"
  packages = ["."]
  pruneopts = "UT"
  revision = "9ac9add5a50dd3649add2c4e1edaeade5c5afed7"

[[projects]]
  branch = "master"
  digest = "1:931feb87c76bd3d646a97e958e1573f2bf0a4443b06c329ac339b24050653ca6"
  name = "github.com/sacOO7/gowebsocket"
  packages = ["."]
  pruneopts = "UT"
  revision = "1436bb906a4e8e77e1ac1c2b4934444f77900c7f"

[[projects]]
  branch = "v2"
  digest = "1:2642fd0b6900c77247d61d80cf2eb59a374ef4ffc2d25a1b95b87dc355b2894e"
  name = "gopkg.in/mgo.v2"
  packages = [
    "bson",
    "internal/json",
  ]
  pruneopts = "UT"
  revision = "a6b53ec6cb22a3699387a57a161566f9402ee85b"

[solve-meta]
  analyzer-name = "dep"
  analyzer-version = 1
  input-imports = [
    "github.com/levenlabs/golib/timeutil",
    "github.com/sacOO7/gowebsocket",
  ]
  solver-name = "gps-cdcl"
  solver-version = 1
