# This file is autogenerated, do not edit; changes may be undone by the next 'dep ensure'.


[[projects]]
  digest = "1:3c215bf3587c8b5049a924b62745987a9584d07b7741e577e5728c0221901527"
  name = "github.com/jinzhu/gorm"
  packages = [
    ".",
    "dialects/sqlite",
  ]
  pruneopts = "UT"
  revision = "79a77d771dee4e4b60e9c543e8663bbc80466670"
  version = "v1.9.12"

[[projects]]
  digest = "1:01ed62f8f4f574d8aff1d88caee113700a2b44c42351943fa73cc1808f736a50"
  name = "github.com/jinzhu/inflection"
  packages = ["."]
  pruneopts = "UT"
  revision = "f5c5f50e6090ae76a29240b61ae2a90dd810112e"
  version = "v1.0.0"

[[projects]]
  digest = "1:eea5c9cf8cd07b4c466fd309a14ac689b9e5e4175f3c92d13709232d67069d7c"
  name = "github.com/mattn/go-sqlite3"
  packages = ["."]
  pruneopts = "UT"
  revision = "db4c9426f851c76327db11e1b5301e520e0e048b"
  version = "v2.0.5"

[solve-meta]
  analyzer-name = "dep"
  analyzer-version = 1
  input-imports = [
    "github.com/jinzhu/gorm",
    "github.com/jinzhu/gorm/dialects/sqlite",
  ]
  solver-name = "gps-cdcl"
  solver-version = 1
